
Microsoft Visual Studio Solution File, Format Version 12.00
# Visual Studio 15
VisualStudioVersion = 15.0.27130.2010
MinimumVisualStudioVersion = 10.0.40219.1
Project("{FAE04EC0-301F-11D3-BF4B-00C04F79EFBC}") = "IntegerExtensions.UpTo", "IntegerExtensions.UpTo\IntegerExtensions.UpTo.csproj", "{AC938AA0-357D-4D44-98B4-1F8424AB8B33}"
EndProject
Project("{FAE04EC0-301F-11D3-BF4B-00C04F79EFBC}") = "IntegerExtensions.UpTo.Tests", "IntegerExtensions.UpTo.Tests\IntegerExtensions.UpTo.Tests.csproj", "{A5ADBC17-C97A-4D7C-B1E1-87B4152BA93E}"
EndProject
Global
	GlobalSection(SolutionConfigurationPlatforms) = preSolution
		Debug|Any CPU = Debug|Any CPU
		Release|Any CPU = Release|Any CPU
	EndGlobalSection
	GlobalSection(ProjectConfigurationPlatforms) = postSolution
		{AC938AA0-357D-4D44-98B4-1F8424AB8B33}.Debug|Any CPU.ActiveCfg = Debug|Any CPU
		{AC938AA0-357D-4D44-98B4-1F8424AB8B33}.Debug|Any CPU.Build.0 = Debug|Any CPU
		{AC938AA0-357D-4D44-98B4-1F8424AB8B33}.Release|Any CPU.ActiveCfg = Release|Any CPU
		{AC938AA0-357D-4D44-98B4-1F8424AB8B33}.Release|Any CPU.Build.0 = Release|Any CPU
		{A5ADBC17-C97A-4D7C-B1E1-87B4152BA93E}.Debug|Any CPU.ActiveCfg = Debug|Any CPU
		{A5ADBC17-C97A-4D7C-B1E1-87B4152BA93E}.Debug|Any CPU.Build.0 = Debug|Any CPU
		{A5ADBC17-C97A-4D7C-B1E1-87B4152BA93E}.Release|Any CPU.ActiveCfg = Release|Any CPU
		{A5ADBC17-C97A-4D7C-B1E1-87B4152BA93E}.Release|Any CPU.Build.0 = Release|Any CPU
	EndGlobalSection
	GlobalSection(SolutionProperties) = preSolution
		HideSolutionNode = FALSE
	EndGlobalSection
	GlobalSection(ExtensibilityGlobals) = postSolution
		SolutionGuid = {41A7CE16-756A-4E02-A38E-E527478FA4AB}
	EndGlobalSection
EndGlobal
